lockfileVersion: '9.0'

settings:
  autoInstallPeers: true
  excludeLinksFromLockfile: false

importers:

  .:
    dependencies:
      gsap:
        specifier: ^3.13.0
        version: 3.13.0
      scrolltrigger:
        specifier: ^1.0.1
        version: 1.0.1

packages:

  defined@1.0.1:
    resolution: {integrity: sha512-hsBd2qSVCRE+5PmNdHt1uzyrFu5d3RwmFDKzyNZMFq/EwDNJF7Ee5+D5oEKF0hU6LhtoUF1macFvOe4AskQC1Q==}

  gsap@3.13.0:
    resolution: {integrity: sha512-QL7MJ2WMjm1PHWsoFrAQH/J8wUeqZvMtHO58qdekHpCfhvhSL4gSiz6vJf5EeMP0LOn3ZCprL2ki/gjED8ghVw==}

  scrolltrigger@1.0.1:
    resolution: {integrity: sha512-s1DiltnlovjFtapWHKOgHsJEM4lKF52v7rClIqROh6btosGO/Pc0mFiRZz+PTXjAp2PZPpj0U0KPcmxTnN4Idw==}

  xtend@4.0.2:
    resolution: {integrity: sha512-LKYU1iAXJXUgAXn9URjiu+MWhyUXHsvfp7mcuYm9dSUKK0/CjtrUwFAxD82/mCWbtLsGjFIad0wIsod4zrTAEQ==}
    engines: {node: '>=0.4'}

snapshots:

  defined@1.0.1: {}

  gsap@3.13.0: {}

  scrolltrigger@1.0.1:
    dependencies:
      defined: 1.0.1
      xtend: 4.0.2

  xtend@4.0.2: {}
